<?xml version="1.0" encoding="utf-8"?>
<Project ToolsVersion="4.0" xmlns="http://schemas.microsoft.com/developer/msbuild/2003">
  <ItemGroup>
    <Filter Include="Source Files">
      <UniqueIdentifier>{4FC737F1-C7A5-4376-A066-2A32D752A2FF}</UniqueIdentifier>
      <Extensions>cpp;c;cxx;def;odl;idl;hpj;bat;asm;asmx</Extensions>
    </Filter>
    <Filter Include="Source Files\extra">
      <UniqueIdentifier>{4fa6002a-32a5-4ec6-9ccd-cf65b8ee02d9}</UniqueIdentifier>
    </Filter>
    <Filter Include="Header Files">
      <UniqueIdentifier>{93995380-89BD-4b04-88EB-625FBE52EBFB}</UniqueIdentifier>
      <Extensions>h;hpp;hxx;hm;inl;inc;xsd</Extensions>
    </Filter>
    <Filter Include="Header Files\extra">
      <UniqueIdentifier>{318d05b2-4295-468a-8588-608b383f77bd}</UniqueIdentifier>
    </Filter>
    <Filter Include="Header Files\include">
      <UniqueIdentifier>{049b76a2-313d-4d6b-9e7e-97aac7d0326e}</UniqueIdentifier>
    </Filter>
    <Filter Include="Source Files\MTASA">
      <UniqueIdentifier>{c8b56f16-d5b7-447e-bd69-7f06a8b4e9c1}</UniqueIdentifier>
    </Filter>
    <Filter Include="Source Files\SAMP">
      <UniqueIdentifier>{bf709a3d-061c-4e55-8b1a-c1abdb795c2c}</UniqueIdentifier>
    </Filter>
    <Filter Include="Header Files\MTASA">
      <UniqueIdentifier>{917c6dde-ab20-4294-b2dd-b9f5470cf4d3}</UniqueIdentifier>
    </Filter>
    <Filter Include="Header Files\SAMP">
      <UniqueIdentifier>{5826f75c-5d6c-4e09-91b2-5437d312cfe1}</UniqueIdentifier>
    </Filter>
    <Filter Include="Header Files\include\pawn">
      <UniqueIdentifier>{bfff239a-809f-49ec-93f7-863bf8c3feb5}</UniqueIdentifier>
    </Filter>
    <Filter Include="Source Files\lua">
      <UniqueIdentifier>{0465b7be-e656-478f-8d61-cd5959c6109a}</UniqueIdentifier>
    </Filter>
    <Filter Include="Header Files\lua">
      <UniqueIdentifier>{d098e1ca-0897-4845-b176-ce055b9f47d5}</UniqueIdentifier>
    </Filter>
    <Filter Include="scriptwrapper">
      <UniqueIdentifier>{98af70ca-7fca-49ca-97ea-42a961ccbe9c}</UniqueIdentifier>
    </Filter>
  </ItemGroup>
  <ItemGroup>
    <ClCompile Include="CThread.cpp">
      <Filter>Source Files</Filter>
    </ClCompile>
    <ClCompile Include="CThreadData.cpp">
      <Filter>Source Files</Filter>
    </ClCompile>
    <ClCompile Include="extra\CLuaArgument.cpp">
      <Filter>Source Files\extra</Filter>
    </ClCompile>
    <ClCompile Include="extra\CLuaArguments.cpp">
      <Filter>Source Files\extra</Filter>
    </ClCompile>
    <ClCompile Include="V8Wrapper.cpp">
      <Filter>Source Files</Filter>
    </ClCompile>
    <ClCompile Include="SAMP\amxplugin.cpp">
      <Filter>Source Files\SAMP</Filter>
    </ClCompile>
    <ClCompile Include="MTASA\ml_v8_mtasa.cpp">
      <Filter>Source Files\MTASA</Filter>
    </ClCompile>
    <ClCompile Include="SAMP\ml_v8_samp.cpp">
      <Filter>Source Files\SAMP</Filter>
    </ClCompile>
    <ClCompile Include="lib\lua\linit.c">
      <Filter>Source Files\lua</Filter>
    </ClCompile>
    <ClCompile Include="lib\lua\lopcodes.c">
      <Filter>Source Files\lua</Filter>
    </ClCompile>
    <ClCompile Include="lib\lua\loadlib.c">
      <Filter>Source Files\lua</Filter>
    </ClCompile>
    <ClCompile Include="lib\lua\lgc.c">
      <Filter>Source Files\lua</Filter>
    </ClCompile>
    <ClCompile Include="lib\lua\llex.c">
      <Filter>Source Files\lua</Filter>
    </ClCompile>
    <ClCompile Include="lib\lua\lstate.c">
      <Filter>Source Files\lua</Filter>
    </ClCompile>
    <ClCompile Include="lib\lua\lmathlib.c">
      <Filter>Source Files\lua</Filter>
    </ClCompile>
    <ClCompile Include="lib\lua\ltm.c">
      <Filter>Source Files\lua</Filter>
    </ClCompile>
    <ClCompile Include="lib\lua\ldblib.c">
      <Filter>Source Files\lua</Filter>
    </ClCompile>
    <ClCompile Include="lib\lua\loslib.c">
      <Filter>Source Files\lua</Filter>
    </ClCompile>
    <ClCompile Include="lib\lua\ldump.c">
      <Filter>Source Files\lua</Filter>
    </ClCompile>
    <ClCompile Include="lib\lua\ldo.c">
      <Filter>Source Files\lua</Filter>
    </ClCompile>
    <ClCompile Include="lib\lua\liolib.c">
      <Filter>Source Files\lua</Filter>
    </ClCompile>
    <ClCompile Include="lib\lua\lauxlib.c">
      <Filter>Source Files\lua</Filter>
    </ClCompile>
    <ClCompile Include="lib\lua\lapi.c">
      <Filter>Source Files\lua</Filter>
    </ClCompile>
    <ClCompile Include="lib\lua\lobject.c">
      <Filter>Source Files\lua</Filter>
    </ClCompile>
    <ClCompile Include="lib\lua\lstring.c">
      <Filter>Source Files\lua</Filter>
    </ClCompile>
    <ClCompile Include="lib\lua\lbaselib.c">
      <Filter>Source Files\lua</Filter>
    </ClCompile>
    <ClCompile Include="lib\lua\lzio.c">
      <Filter>Source Files\lua</Filter>
    </ClCompile>
    <ClCompile Include="lib\lua\lparser.c">
      <Filter>Source Files\lua</Filter>
    </ClCompile>
    <ClCompile Include="lib\lua\lfunc.c">
      <Filter>Source Files\lua</Filter>
    </ClCompile>
    <ClCompile Include="lib\lua\lvm.c">
      <Filter>Source Files\lua</Filter>
    </ClCompile>
    <ClCompile Include="lib\lua\lmem.c">
      <Filter>Source Files\lua</Filter>
    </ClCompile>
    <ClCompile Include="lib\lua\lundump.c">
      <Filter>Source Files\lua</Filter>
    </ClCompile>
    <ClCompile Include="lib\lua\lstrlib.c">
      <Filter>Source Files\lua</Filter>
    </ClCompile>
    <ClCompile Include="lib\lua\ltablib.c">
      <Filter>Source Files\lua</Filter>
    </ClCompile>
    <ClCompile Include="lib\lua\ldebug.c">
      <Filter>Source Files\lua</Filter>
    </ClCompile>
    <ClCompile Include="lib\lua\ltable.c">
      <Filter>Source Files\lua</Filter>
    </ClCompile>
    <ClCompile Include="lib\lua\print.c">
      <Filter>Source Files\lua</Filter>
    </ClCompile>
    <ClCompile Include="lib\lua\lcode.c">
      <Filter>Source Files\lua</Filter>
    </ClCompile>
    <ClCompile Include="MTASA\MTASA.cpp">
      <Filter>Source Files\MTASA</Filter>
    </ClCompile>
  </ItemGroup>
  <ItemGroup>
    <ClInclude Include="CThread.h">
      <Filter>Header Files</Filter>
    </ClInclude>
    <ClInclude Include="CThreadData.h">
      <Filter>Header Files</Filter>
    </ClInclude>
    <ClInclude Include="extra\CLuaArgument.h">
      <Filter>Header Files\extra</Filter>
    </ClInclude>
    <ClInclude Include="extra\CLuaArguments.h">
      <Filter>Header Files\extra</Filter>
    </ClInclude>
    <ClInclude Include="include\ILuaModuleManager.h">
      <Filter>Header Files\include</Filter>
    </ClInclude>
    <ClInclude Include="V8Wrapper.h">
      <Filter>Header Files</Filter>
    </ClInclude>
    <ClInclude Include="include\pawn\amx.h">
      <Filter>Header Files\include\pawn</Filter>
    </ClInclude>
    <ClInclude Include="include\pawn\sclinux.h">
      <Filter>Header Files\include\pawn</Filter>
    </ClInclude>
    <ClInclude Include="SAMP\plugincommon.h">
      <Filter>Header Files\SAMP</Filter>
    </ClInclude>
    <ClInclude Include="SAMP\ml_v8_samp.h">
      <Filter>Header Files\SAMP</Filter>
    </ClInclude>
    <ClInclude Include="MTASA\ml_v8_mtasa.h">
      <Filter>Header Files\MTASA</Filter>
    </ClInclude>
    <ClInclude Include="lib\lua\lcode.h">
      <Filter>Header Files\lua</Filter>
    </ClInclude>
    <ClInclude Include="lib\lua\llimits.h">
      <Filter>Header Files\lua</Filter>
    </ClInclude>
    <ClInclude Include="lib\lua\lopcodes.h">
      <Filter>Header Files\lua</Filter>
    </ClInclude>
    <ClInclude Include="lib\lua\lgc.h">
      <Filter>Header Files\lua</Filter>
    </ClInclude>
    <ClInclude Include="lib\lua\llex.h">
      <Filter>Header Files\lua</Filter>
    </ClInclude>
    <ClInclude Include="lib\lua\ltm.h">
      <Filter>Header Files\lua</Filter>
    </ClInclude>
    <ClInclude Include="lib\lua\lstate.h">
      <Filter>Header Files\lua</Filter>
    </ClInclude>
    <ClInclude Include="lib\lua\ldo.h">
      <Filter>Header Files\lua</Filter>
    </ClInclude>
    <ClInclude Include="lib\lua\lauxlib.h">
      <Filter>Header Files\lua</Filter>
    </ClInclude>
    <ClInclude Include="lib\lua\lapi.h">
      <Filter>Header Files\lua</Filter>
    </ClInclude>
    <ClInclude Include="lib\lua\lstring.h">
      <Filter>Header Files\lua</Filter>
    </ClInclude>
    <ClInclude Include="lib\lua\lobject.h">
      <Filter>Header Files\lua</Filter>
    </ClInclude>
    <ClInclude Include="lib\lua\lua.h">
      <Filter>Header Files\lua</Filter>
    </ClInclude>
    <ClInclude Include="lib\lua\lzio.h">
      <Filter>Header Files\lua</Filter>
    </ClInclude>
    <ClInclude Include="lib\lua\lparser.h">
      <Filter>Header Files\lua</Filter>
    </ClInclude>
    <ClInclude Include="lib\lua\lfunc.h">
      <Filter>Header Files\lua</Filter>
    </ClInclude>
    <ClInclude Include="lib\lua\ltable.h">
      <Filter>Header Files\lua</Filter>
    </ClInclude>
    <ClInclude Include="lib\lua\lvm.h">
      <Filter>Header Files\lua</Filter>
    </ClInclude>
    <ClInclude Include="lib\lua\lmem.h">
      <Filter>Header Files\lua</Filter>
    </ClInclude>
    <ClInclude Include="lib\lua\lundump.h">
      <Filter>Header Files\lua</Filter>
    </ClInclude>
    <ClInclude Include="lib\lua\lualib.h">
      <Filter>Header Files\lua</Filter>
    </ClInclude>
    <ClInclude Include="lib\lua\ldebug.h">
      <Filter>Header Files\lua</Filter>
    </ClInclude>
    <ClInclude Include="lib\lua\luaconf.h">
      <Filter>Header Files\lua</Filter>
    </ClInclude>
    <ClInclude Include="MTASA\MTASA.h">
      <Filter>Header Files\MTASA</Filter>
    </ClInclude>
    <ClInclude Include="MTASA\Common.h">
      <Filter>Header Files\MTASA</Filter>
    </ClInclude>
  </ItemGroup>
  <ItemGroup>
    <None Include="scriptwrapper\include.js">
      <Filter>scriptwrapper</Filter>
    </None>
    <None Include="scriptwrapper\mta.lua">
      <Filter>scriptwrapper</Filter>
    </None>
    <None Include="scriptwrapper\samp.amx">
      <Filter>scriptwrapper</Filter>
    </None>
  </ItemGroup>
</Project>